
Microsoft Visual Studio Solution File, Format Version 12.00
# Visual Studio 15
VisualStudioVersion = 15.0.26730.12
MinimumVisualStudioVersion = 10.0.40219.1
Project("{FAE04EC0-301F-11D3-BF4B-00C04F79EFBC}") = "WcfServiceCalculatorRolf", "WcfServiceCalculatorRolf\WcfServiceCalculatorRolf.csproj", "{54994608-ABCB-4AC3-93C5-2FD47069F26B}"
EndProject
Global
	GlobalSection(SolutionConfigurationPlatforms) = preSolution
		Debug|Any CPU = Debug|Any CPU
		Release|Any CPU = Release|Any CPU
	EndGlobalSection
	GlobalSection(ProjectConfigurationPlatforms) = postSolution
		{54994608-ABCB-4AC3-93C5-2FD47069F26B}.Debug|Any CPU.ActiveCfg = Debug|Any CPU
		{54994608-ABCB-4AC3-93C5-2FD47069F26B}.Debug|Any CPU.Build.0 = Debug|Any CPU
		{54994608-ABCB-4AC3-93C5-2FD47069F26B}.Release|Any CPU.ActiveCfg = Release|Any CPU
		{54994608-ABCB-4AC3-93C5-2FD47069F26B}.Release|Any CPU.Build.0 = Release|Any CPU
	EndGlobalSection
	GlobalSection(SolutionProperties) = preSolution
		HideSolutionNode = FALSE
	EndGlobalSection
	GlobalSection(ExtensibilityGlobals) = postSolution
		SolutionGuid = {6167644B-157A-436B-B94B-03ADA1E61CE2}
	EndGlobalSection
EndGlobal
