
Microsoft Visual Studio Solution File, Format Version 12.00
# Visual Studio 15
VisualStudioVersion = 15.0.26730.12
MinimumVisualStudioVersion = 10.0.40219.1
Project("{FAE04EC0-301F-11D3-BF4B-00C04F79EFBC}") = "ConsoleAppCalculator-13-09-2017", "ConsoleAppCalculator-13-09-2017\ConsoleAppCalculator-13-09-2017.csproj", "{C070744B-17B6-4345-8FFA-705BE05E65A1}"
EndProject
Global
	GlobalSection(SolutionConfigurationPlatforms) = preSolution
		Debug|Any CPU = Debug|Any CPU
		Release|Any CPU = Release|Any CPU
	EndGlobalSection
	GlobalSection(ProjectConfigurationPlatforms) = postSolution
		{C070744B-17B6-4345-8FFA-705BE05E65A1}.Debug|Any CPU.ActiveCfg = Debug|Any CPU
		{C070744B-17B6-4345-8FFA-705BE05E65A1}.Debug|Any CPU.Build.0 = Debug|Any CPU
		{C070744B-17B6-4345-8FFA-705BE05E65A1}.Release|Any CPU.ActiveCfg = Release|Any CPU
		{C070744B-17B6-4345-8FFA-705BE05E65A1}.Release|Any CPU.Build.0 = Release|Any CPU
	EndGlobalSection
	GlobalSection(SolutionProperties) = preSolution
		HideSolutionNode = FALSE
	EndGlobalSection
	GlobalSection(ExtensibilityGlobals) = postSolution
		SolutionGuid = {7C543792-CDA1-44D8-8F3C-66C92BE43DDD}
	EndGlobalSection
EndGlobal
